
Microsoft Visual Studio Solution File, Format Version 12.00
# Visual Studio Version 17
VisualStudioVersion = 17.9.34902.65
MinimumVisualStudioVersion = 10.0.40219.1
Project("{FAE04EC0-301F-11D3-BF4B-00C04F79EFBC}") = "mantis-tests", "mantis-tests.csproj", "{5663734F-BCE8-46BB-A485-8857293994AA}"
EndProject
Global
	GlobalSection(SolutionConfigurationPlatforms) = preSolution
		Debug|Any CPU = Debug|Any CPU
		Release|Any CPU = Release|Any CPU
	EndGlobalSection
	GlobalSection(ProjectConfigurationPlatforms) = postSolution
		{5663734F-BCE8-46BB-A485-8857293994AA}.Debug|Any CPU.ActiveCfg = Debug|Any CPU
		{5663734F-BCE8-46BB-A485-8857293994AA}.Debug|Any CPU.Build.0 = Debug|Any CPU
		{5663734F-BCE8-46BB-A485-8857293994AA}.Release|Any CPU.ActiveCfg = Release|Any CPU
		{5663734F-BCE8-46BB-A485-8857293994AA}.Release|Any CPU.Build.0 = Release|Any CPU
	EndGlobalSection
	GlobalSection(SolutionProperties) = preSolution
		HideSolutionNode = FALSE
	EndGlobalSection
	GlobalSection(ExtensibilityGlobals) = postSolution
		SolutionGuid = {4E480A96-46CA-438A-920B-8F79B4E6CEE5}
	EndGlobalSection
EndGlobal
